// !$*UTF8*$!
{
	archiveVersion = 1;
	classes = {
	};
	objectVersion = 50;
	objects = {

/* Begin PBXBuildFile section */
		1DDADA29225B6DA000652FE6 /* AppDelegate.m in Sources */ = {isa = PBXBuildFile; fileRef = 1DDADA28225B6DA000652FE6 /* AppDelegate.m */; };
		1DDADA2C225B6DA000652FE6 /* ViewController.m in Sources */ = {isa = PBXBuildFile; fileRef = 1DDADA2B225B6DA000652FE6 /* ViewController.m */; };
		1DDADA31225B6DA100652FE6 /* Assets.xcassets in Resources */ = {isa = PBXBuildFile; fileRef = 1DDADA30225B6DA100652FE6 /* Assets.xcassets */; };
		1DDADA37225B6DA100652FE6 /* main.m in Sources */ = {isa = PBXBuildFile; fileRef = 1DDADA36225B6DA100652FE6 /* main.m */; };
		1DDADA44225B764F00652FE6 /* JTBaseDescriptor.m in Sources */ = {isa = PBXBuildFile; fileRef = 1DDADA43225B764F00652FE6 /* JTBaseDescriptor.m */; };
		1DDADA47225B770000652FE6 /* JTRowDescriptor.m in Sources */ = {isa = PBXBuildFile; fileRef = 1DDADA46225B770000652FE6 /* JTRowDescriptor.m */; };
		1DDADA4A225B771800652FE6 /* JTSectionDescriptor.m in Sources */ = {isa = PBXBuildFile; fileRef = 1DDADA49225B771800652FE6 /* JTSectionDescriptor.m */; };
		1DDADA4D225B772D00652FE6 /* JTFormDescriptor.m in Sources */ = {isa = PBXBuildFile; fileRef = 1DDADA4C225B772D00652FE6 /* JTFormDescriptor.m */; };
		1DDADA4F225B776C00652FE6 /* UIKit.framework in Frameworks */ = {isa = PBXBuildFile; fileRef = 1DDADA4E225B776C00652FE6 /* UIKit.framework */; };
		1DDADA52225B784700652FE6 /* JTForm.m in Sources */ = {isa = PBXBuildFile; fileRef = 1DDADA51225B784700652FE6 /* JTForm.m */; };
		1DDADA55225B897D00652FE6 /* NSObject+JTFormHelper.m in Sources */ = {isa = PBXBuildFile; fileRef = 1DDADA54225B897D00652FE6 /* NSObject+JTFormHelper.m */; };
		1DDADA6F225E246200652FE6 /* JTBaseCell.m in Sources */ = {isa = PBXBuildFile; fileRef = 1DDADA6E225E246200652FE6 /* JTBaseCell.m */; };
		1DDADA7922646A1A00652FE6 /* JTDefaultCell.m in Sources */ = {isa = PBXBuildFile; fileRef = 1DDADA7822646A1A00652FE6 /* JTDefaultCell.m */; };
		1DDADA8022646E7700652FE6 /* JTNetworkImageNode.m in Sources */ = {isa = PBXBuildFile; fileRef = 1DDADA7F22646E7700652FE6 /* JTNetworkImageNode.m */; };
		1DDADA8322647ABA00652FE6 /* NSAttributedString+JTFormAdditions.m in Sources */ = {isa = PBXBuildFile; fileRef = 1DDADA8222647ABA00652FE6 /* NSAttributedString+JTFormAdditions.m */; };
		1DDADA8622647CDA00652FE6 /* UIColor+JTFormAdditions.m in Sources */ = {isa = PBXBuildFile; fileRef = 1DDADA8522647CDA00652FE6 /* UIColor+JTFormAdditions.m */; };
		1DDADA892264BC9900652FE6 /* ASDisplayNode+JTFormAdditions.m in Sources */ = {isa = PBXBuildFile; fileRef = 1DDADA882264BC9900652FE6 /* ASDisplayNode+JTFormAdditions.m */; };
		63158622A2B8881B48124F8C /* libPods-JTForm.a in Frameworks */ = {isa = PBXBuildFile; fileRef = 954795CC68FB13B9D0F28FCC /* libPods-JTForm.a */; };
/* End PBXBuildFile section */

/* Begin PBXFileReference section */
		1329AD7DFD385D8D2047D783 /* Pods-JTForm.debug.xcconfig */ = {isa = PBXFileReference; includeInIndex = 1; lastKnownFileType = text.xcconfig; name = "Pods-JTForm.debug.xcconfig"; path = "Pods/Target Support Files/Pods-JTForm/Pods-JTForm.debug.xcconfig"; sourceTree = "<group>"; };
		1DDADA24225B6DA000652FE6 /* JTForm.app */ = {isa = PBXFileReference; explicitFileType = wrapper.application; includeInIndex = 0; path = JTForm.app; sourceTree = BUILT_PRODUCTS_DIR; };
		1DDADA27225B6DA000652FE6 /* AppDelegate.h */ = {isa = PBXFileReference; lastKnownFileType = sourcecode.c.h; path = AppDelegate.h; sourceTree = "<group>"; };
		1DDADA28225B6DA000652FE6 /* AppDelegate.m */ = {isa = PBXFileReference; lastKnownFileType = sourcecode.c.objc; path = AppDelegate.m; sourceTree = "<group>"; };
		1DDADA2A225B6DA000652FE6 /* ViewController.h */ = {isa = PBXFileReference; lastKnownFileType = sourcecode.c.h; path = ViewController.h; sourceTree = "<group>"; };
		1DDADA2B225B6DA000652FE6 /* ViewController.m */ = {isa = PBXFileReference; lastKnownFileType = sourcecode.c.objc; path = ViewController.m; sourceTree = "<group>"; };
		1DDADA30225B6DA100652FE6 /* Assets.xcassets */ = {isa = PBXFileReference; lastKnownFileType = folder.assetcatalog; path = Assets.xcassets; sourceTree = "<group>"; };
		1DDADA35225B6DA100652FE6 /* Info.plist */ = {isa = PBXFileReference; lastKnownFileType = text.plist.xml; path = Info.plist; sourceTree = "<group>"; };
		1DDADA36225B6DA100652FE6 /* main.m */ = {isa = PBXFileReference; lastKnownFileType = sourcecode.c.objc; path = main.m; sourceTree = "<group>"; };
		1DDADA42225B764F00652FE6 /* JTBaseDescriptor.h */ = {isa = PBXFileReference; lastKnownFileType = sourcecode.c.h; path = JTBaseDescriptor.h; sourceTree = "<group>"; };
		1DDADA43225B764F00652FE6 /* JTBaseDescriptor.m */ = {isa = PBXFileReference; lastKnownFileType = sourcecode.c.objc; path = JTBaseDescriptor.m; sourceTree = "<group>"; };
		1DDADA45225B770000652FE6 /* JTRowDescriptor.h */ = {isa = PBXFileReference; lastKnownFileType = sourcecode.c.h; path = JTRowDescriptor.h; sourceTree = "<group>"; };
		1DDADA46225B770000652FE6 /* JTRowDescriptor.m */ = {isa = PBXFileReference; lastKnownFileType = sourcecode.c.objc; path = JTRowDescriptor.m; sourceTree = "<group>"; };
		1DDADA48225B771800652FE6 /* JTSectionDescriptor.h */ = {isa = PBXFileReference; lastKnownFileType = sourcecode.c.h; path = JTSectionDescriptor.h; sourceTree = "<group>"; };
		1DDADA49225B771800652FE6 /* JTSectionDescriptor.m */ = {isa = PBXFileReference; lastKnownFileType = sourcecode.c.objc; path = JTSectionDescriptor.m; sourceTree = "<group>"; };
		1DDADA4B225B772D00652FE6 /* JTFormDescriptor.h */ = {isa = PBXFileReference; lastKnownFileType = sourcecode.c.h; path = JTFormDescriptor.h; sourceTree = "<group>"; };
		1DDADA4C225B772D00652FE6 /* JTFormDescriptor.m */ = {isa = PBXFileReference; lastKnownFileType = sourcecode.c.objc; path = JTFormDescriptor.m; sourceTree = "<group>"; };
		1DDADA4E225B776C00652FE6 /* UIKit.framework */ = {isa = PBXFileReference; lastKnownFileType = wrapper.framework; name = UIKit.framework; path = System/Library/Frameworks/UIKit.framework; sourceTree = SDKROOT; };
		1DDADA50225B784700652FE6 /* JTForm.h */ = {isa = PBXFileReference; lastKnownFileType = sourcecode.c.h; path = JTForm.h; sourceTree = "<group>"; };
		1DDADA51225B784700652FE6 /* JTForm.m */ = {isa = PBXFileReference; lastKnownFileType = sourcecode.c.objc; path = JTForm.m; sourceTree = "<group>"; };
		1DDADA53225B897D00652FE6 /* NSObject+JTFormHelper.h */ = {isa = PBXFileReference; lastKnownFileType = sourcecode.c.h; path = "NSObject+JTFormHelper.h"; sourceTree = "<group>"; };
		1DDADA54225B897D00652FE6 /* NSObject+JTFormHelper.m */ = {isa = PBXFileReference; lastKnownFileType = sourcecode.c.objc; path = "NSObject+JTFormHelper.m"; sourceTree = "<group>"; };
		1DDADA56225B89F900652FE6 /* JTHelper.h */ = {isa = PBXFileReference; lastKnownFileType = sourcecode.c.h; path = JTHelper.h; sourceTree = "<group>"; };
		1DDADA6D225E246200652FE6 /* JTBaseCell.h */ = {isa = PBXFileReference; lastKnownFileType = sourcecode.c.h; path = JTBaseCell.h; sourceTree = "<group>"; };
		1DDADA6E225E246200652FE6 /* JTBaseCell.m */ = {isa = PBXFileReference; lastKnownFileType = sourcecode.c.objc; path = JTBaseCell.m; sourceTree = "<group>"; };
		1DDADA7722646A1A00652FE6 /* JTDefaultCell.h */ = {isa = PBXFileReference; lastKnownFileType = sourcecode.c.h; path = JTDefaultCell.h; sourceTree = "<group>"; };
		1DDADA7822646A1A00652FE6 /* JTDefaultCell.m */ = {isa = PBXFileReference; lastKnownFileType = sourcecode.c.objc; path = JTDefaultCell.m; sourceTree = "<group>"; };
		1DDADA7E22646E7700652FE6 /* JTNetworkImageNode.h */ = {isa = PBXFileReference; lastKnownFileType = sourcecode.c.h; path = JTNetworkImageNode.h; sourceTree = "<group>"; };
		1DDADA7F22646E7700652FE6 /* JTNetworkImageNode.m */ = {isa = PBXFileReference; lastKnownFileType = sourcecode.c.objc; path = JTNetworkImageNode.m; sourceTree = "<group>"; };
		1DDADA8122647ABA00652FE6 /* NSAttributedString+JTFormAdditions.h */ = {isa = PBXFileReference; lastKnownFileType = sourcecode.c.h; path = "NSAttributedString+JTFormAdditions.h"; sourceTree = "<group>"; };
		1DDADA8222647ABA00652FE6 /* NSAttributedString+JTFormAdditions.m */ = {isa = PBXFileReference; lastKnownFileType = sourcecode.c.objc; path = "NSAttributedString+JTFormAdditions.m"; sourceTree = "<group>"; };
		1DDADA8422647CDA00652FE6 /* UIColor+JTFormAdditions.h */ = {isa = PBXFileReference; lastKnownFileType = sourcecode.c.h; path = "UIColor+JTFormAdditions.h"; sourceTree = "<group>"; };
		1DDADA8522647CDA00652FE6 /* UIColor+JTFormAdditions.m */ = {isa = PBXFileReference; lastKnownFileType = sourcecode.c.objc; path = "UIColor+JTFormAdditions.m"; sourceTree = "<group>"; };
		1DDADA872264BC9900652FE6 /* ASDisplayNode+JTFormAdditions.h */ = {isa = PBXFileReference; lastKnownFileType = sourcecode.c.h; path = "ASDisplayNode+JTFormAdditions.h"; sourceTree = "<group>"; };
		1DDADA882264BC9900652FE6 /* ASDisplayNode+JTFormAdditions.m */ = {isa = PBXFileReference; lastKnownFileType = sourcecode.c.objc; path = "ASDisplayNode+JTFormAdditions.m"; sourceTree = "<group>"; };
		9278EFB922E4B0E8BAE9F998 /* Pods-JTForm.release.xcconfig */ = {isa = PBXFileReference; includeInIndex = 1; lastKnownFileType = text.xcconfig; name = "Pods-JTForm.release.xcconfig"; path = "Pods/Target Support Files/Pods-JTForm/Pods-JTForm.release.xcconfig"; sourceTree = "<group>"; };
		954795CC68FB13B9D0F28FCC /* libPods-JTForm.a */ = {isa = PBXFileReference; explicitFileType = archive.ar; includeInIndex = 0; path = "libPods-JTForm.a"; sourceTree = BUILT_PRODUCTS_DIR; };
/* End PBXFileReference section */

/* Begin PBXFrameworksBuildPhase section */
		1DDADA21225B6DA000652FE6 /* Frameworks */ = {
			isa = PBXFrameworksBuildPhase;
			buildActionMask = 2147483647;
			files = (
				1DDADA4F225B776C00652FE6 /* UIKit.framework in Frameworks */,
				63158622A2B8881B48124F8C /* libPods-JTForm.a in Frameworks */,
			);
			runOnlyForDeploymentPostprocessing = 0;
		};
/* End PBXFrameworksBuildPhase section */

/* Begin PBXGroup section */
		1DDADA1B225B6DA000652FE6 = {
			isa = PBXGroup;
			children = (
				1DDADA26225B6DA000652FE6 /* JTForm */,
				1DDADA25225B6DA000652FE6 /* Products */,
				92BE525C210FF88DE5260305 /* Pods */,
				E9F6AD9409BD784587981FF4 /* Frameworks */,
			);
			sourceTree = "<group>";
		};
		1DDADA25225B6DA000652FE6 /* Products */ = {
			isa = PBXGroup;
			children = (
				1DDADA24225B6DA000652FE6 /* JTForm.app */,
			);
			name = Products;
			sourceTree = "<group>";
		};
		1DDADA26225B6DA000652FE6 /* JTForm */ = {
			isa = PBXGroup;
			children = (
				1DDADA3D225B6FF800652FE6 /* JTForm */,
				1DDADA27225B6DA000652FE6 /* AppDelegate.h */,
				1DDADA28225B6DA000652FE6 /* AppDelegate.m */,
				1DDADA2A225B6DA000652FE6 /* ViewController.h */,
				1DDADA2B225B6DA000652FE6 /* ViewController.m */,
				1DDADA30225B6DA100652FE6 /* Assets.xcassets */,
				1DDADA35225B6DA100652FE6 /* Info.plist */,
				1DDADA36225B6DA100652FE6 /* main.m */,
			);
			path = JTForm;
			sourceTree = "<group>";
		};
		1DDADA3D225B6FF800652FE6 /* JTForm */ = {
			isa = PBXGroup;
			children = (
				1DDADA7A22646BD100652FE6 /* asnode */,
				1DDADA41225B704F00652FE6 /* delegate */,
				1DDADA40225B703E00652FE6 /* helper */,
				1DDADA3F225B703600652FE6 /* cell */,
				1DDADA3E225B700700652FE6 /* descriptor */,
				1DDADA50225B784700652FE6 /* JTForm.h */,
				1DDADA51225B784700652FE6 /* JTForm.m */,
			);
			path = JTForm;
			sourceTree = "<group>";
		};
		1DDADA3E225B700700652FE6 /* descriptor */ = {
			isa = PBXGroup;
			children = (
				1DDADA42225B764F00652FE6 /* JTBaseDescriptor.h */,
				1DDADA43225B764F00652FE6 /* JTBaseDescriptor.m */,
				1DDADA45225B770000652FE6 /* JTRowDescriptor.h */,
				1DDADA46225B770000652FE6 /* JTRowDescriptor.m */,
				1DDADA48225B771800652FE6 /* JTSectionDescriptor.h */,
				1DDADA49225B771800652FE6 /* JTSectionDescriptor.m */,
				1DDADA4B225B772D00652FE6 /* JTFormDescriptor.h */,
				1DDADA4C225B772D00652FE6 /* JTFormDescriptor.m */,
			);
			path = descriptor;
			sourceTree = "<group>";
		};
		1DDADA3F225B703600652FE6 /* cell */ = {
			isa = PBXGroup;
			children = (
				1DDADA6D225E246200652FE6 /* JTBaseCell.h */,
				1DDADA6E225E246200652FE6 /* JTBaseCell.m */,
				1DDADA7722646A1A00652FE6 /* JTDefaultCell.h */,
				1DDADA7822646A1A00652FE6 /* JTDefaultCell.m */,
			);
			path = cell;
			sourceTree = "<group>";
		};
		1DDADA40225B703E00652FE6 /* helper */ = {
			isa = PBXGroup;
			children = (
				1DDADA8122647ABA00652FE6 /* NSAttributedString+JTFormAdditions.h */,
				1DDADA8222647ABA00652FE6 /* NSAttributedString+JTFormAdditions.m */,
				1DDADA8422647CDA00652FE6 /* UIColor+JTFormAdditions.h */,
				1DDADA8522647CDA00652FE6 /* UIColor+JTFormAdditions.m */,
				1DDADA53225B897D00652FE6 /* NSObject+JTFormHelper.h */,
				1DDADA54225B897D00652FE6 /* NSObject+JTFormHelper.m */,
				1DDADA872264BC9900652FE6 /* ASDisplayNode+JTFormAdditions.h */,
				1DDADA882264BC9900652FE6 /* ASDisplayNode+JTFormAdditions.m */,
				1DDADA56225B89F900652FE6 /* JTHelper.h */,
			);
			path = helper;
			sourceTree = "<group>";
		};
		1DDADA41225B704F00652FE6 /* delegate */ = {
			isa = PBXGroup;
			children = (
			);
			path = delegate;
			sourceTree = "<group>";
		};
		1DDADA7A22646BD100652FE6 /* asnode */ = {
			isa = PBXGroup;
			children = (
				1DDADA7E22646E7700652FE6 /* JTNetworkImageNode.h */,
				1DDADA7F22646E7700652FE6 /* JTNetworkImageNode.m */,
			);
			path = asnode;
			sourceTree = "<group>";
		};
		92BE525C210FF88DE5260305 /* Pods */ = {
			isa = PBXGroup;
			children = (
				1329AD7DFD385D8D2047D783 /* Pods-JTForm.debug.xcconfig */,
				9278EFB922E4B0E8BAE9F998 /* Pods-JTForm.release.xcconfig */,
			);
			name = Pods;
			sourceTree = "<group>";
		};
		E9F6AD9409BD784587981FF4 /* Frameworks */ = {
			isa = PBXGroup;
			children = (
				1DDADA4E225B776C00652FE6 /* UIKit.framework */,
				954795CC68FB13B9D0F28FCC /* libPods-JTForm.a */,
			);
			name = Frameworks;
			sourceTree = "<group>";
		};
/* End PBXGroup section */

/* Begin PBXNativeTarget section */
		1DDADA23225B6DA000652FE6 /* JTForm */ = {
			isa = PBXNativeTarget;
			buildConfigurationList = 1DDADA3A225B6DA100652FE6 /* Build configuration list for PBXNativeTarget "JTForm" */;
			buildPhases = (
				FB8F01B748A368A983B6229C /* [CP] Check Pods Manifest.lock */,
				1DDADA20225B6DA000652FE6 /* Sources */,
				1DDADA21225B6DA000652FE6 /* Frameworks */,
				1DDADA22225B6DA000652FE6 /* Resources */,
			);
			buildRules = (
			);
			dependencies = (
			);
			name = JTForm;
			productName = JTForm;
			productReference = 1DDADA24225B6DA000652FE6 /* JTForm.app */;
			productType = "com.apple.product-type.application";
		};
/* End PBXNativeTarget section */

/* Begin PBXProject section */
		1DDADA1C225B6DA000652FE6 /* Project object */ = {
			isa = PBXProject;
			attributes = {
				LastUpgradeCheck = 1010;
				ORGANIZATIONNAME = dqh;
				TargetAttributes = {
					1DDADA23225B6DA000652FE6 = {
						CreatedOnToolsVersion = 10.1;
					};
				};
			};
			buildConfigurationList = 1DDADA1F225B6DA000652FE6 /* Build configuration list for PBXProject "JTForm" */;
			compatibilityVersion = "Xcode 9.3";
			developmentRegion = en;
			hasScannedForEncodings = 0;
			knownRegions = (
				en,
				Base,
			);
			mainGroup = 1DDADA1B225B6DA000652FE6;
			productRefGroup = 1DDADA25225B6DA000652FE6 /* Products */;
			projectDirPath = "";
			projectRoot = "";
			targets = (
				1DDADA23225B6DA000652FE6 /* JTForm */,
			);
		};
/* End PBXProject section */

/* Begin PBXResourcesBuildPhase section */
		1DDADA22225B6DA000652FE6 /* Resources */ = {
			isa = PBXResourcesBuildPhase;
			buildActionMask = 2147483647;
			files = (
				1DDADA31225B6DA100652FE6 /* Assets.xcassets in Resources */,
			);
			runOnlyForDeploymentPostprocessing = 0;
		};
/* End PBXResourcesBuildPhase section */

/* Begin PBXShellScriptBuildPhase section */
		FB8F01B748A368A983B6229C /* [CP] Check Pods Manifest.lock */ = {
			isa = PBXShellScriptBuildPhase;
			buildActionMask = 2147483647;
			files = (
			);
			inputPaths = (
				"${PODS_PODFILE_DIR_PATH}/Podfile.lock",
				"${PODS_ROOT}/Manifest.lock",
			);
			name = "[CP] Check Pods Manifest.lock";
			outputPaths = (
				"$(DERIVED_FILE_DIR)/Pods-JTForm-checkManifestLockResult.txt",
			);
			runOnlyForDeploymentPostprocessing = 0;
			shellPath = /bin/sh;
			shellScript = "diff \"${PODS_PODFILE_DIR_PATH}/Podfile.lock\" \"${PODS_ROOT}/Manifest.lock\" > /dev/null\nif [ $? != 0 ] ; then\n    # print error to STDERR\n    echo \"error: The sandbox is not in sync with the Podfile.lock. Run 'pod install' or update your CocoaPods installation.\" >&2\n    exit 1\nfi\n# This output is used by Xcode 'outputs' to avoid re-running this script phase.\necho \"SUCCESS\" > \"${SCRIPT_OUTPUT_FILE_0}\"\n";
			showEnvVarsInLog = 0;
		};
/* End PBXShellScriptBuildPhase section */

/* Begin PBXSourcesBuildPhase section */
		1DDADA20225B6DA000652FE6 /* Sources */ = {
			isa = PBXSourcesBuildPhase;
			buildActionMask = 2147483647;
			files = (
				1DDADA7922646A1A00652FE6 /* JTDefaultCell.m in Sources */,
				1DDADA4A225B771800652FE6 /* JTSectionDescriptor.m in Sources */,
				1DDADA8022646E7700652FE6 /* JTNetworkImageNode.m in Sources */,
				1DDADA892264BC9900652FE6 /* ASDisplayNode+JTFormAdditions.m in Sources */,
				1DDADA2C225B6DA000652FE6 /* ViewController.m in Sources */,
				1DDADA6F225E246200652FE6 /* JTBaseCell.m in Sources */,
				1DDADA55225B897D00652FE6 /* NSObject+JTFormHelper.m in Sources */,
				1DDADA47225B770000652FE6 /* JTRowDescriptor.m in Sources */,
				1DDADA44225B764F00652FE6 /* JTBaseDescriptor.m in Sources */,
				1DDADA37225B6DA100652FE6 /* main.m in Sources */,
				1DDADA8622647CDA00652FE6 /* UIColor+JTFormAdditions.m in Sources */,
				1DDADA8322647ABA00652FE6 /* NSAttributedString+JTFormAdditions.m in Sources */,
				1DDADA52225B784700652FE6 /* JTForm.m in Sources */,
				1DDADA4D225B772D00652FE6 /* JTFormDescriptor.m in Sources */,
				1DDADA29225B6DA000652FE6 /* AppDelegate.m in Sources */,
			);
			runOnlyForDeploymentPostprocessing = 0;
		};
/* End PBXSourcesBuildPhase section */

/* Begin XCBuildConfiguration section */
		1DDADA38225B6DA100652FE6 /* Debug */ = {
			isa = XCBuildConfiguration;
			buildSettings = {
				ALWAYS_SEARCH_USER_PATHS = NO;
				CLANG_ANALYZER_NONNULL = YES;
				CLANG_ANALYZER_NUMBER_OBJECT_CONVERSION = YES_AGGRESSIVE;
				CLANG_CXX_LANGUAGE_STANDARD = "gnu++14";
				CLANG_CXX_LIBRARY = "libc++";
				CLANG_ENABLE_MODULES = YES;
				CLANG_ENABLE_OBJC_ARC = YES;
				CLANG_ENABLE_OBJC_WEAK = YES;
				CLANG_WARN_BLOCK_CAPTURE_AUTORELEASING = YES;
				CLANG_WARN_BOOL_CONVERSION = YES;
				CLANG_WARN_COMMA = YES;
				CLANG_WARN_CONSTANT_CONVERSION = YES;
				CLANG_WARN_DEPRECATED_OBJC_IMPLEMENTATIONS = YES;
				CLANG_WARN_DIRECT_OBJC_ISA_USAGE = YES_ERROR;
				CLANG_WARN_DOCUMENTATION_COMMENTS = YES;
				CLANG_WARN_EMPTY_BODY = YES;
				CLANG_WARN_ENUM_CONVERSION = YES;
				CLANG_WARN_INFINITE_RECURSION = YES;
				CLANG_WARN_INT_CONVERSION = YES;
				CLANG_WARN_NON_LITERAL_NULL_CONVERSION = YES;
				CLANG_WARN_OBJC_IMPLICIT_RETAIN_SELF = YES;
				CLANG_WARN_OBJC_LITERAL_CONVERSION = YES;
				CLANG_WARN_OBJC_ROOT_CLASS = YES_ERROR;
				CLANG_WARN_RANGE_LOOP_ANALYSIS = YES;
				CLANG_WARN_STRICT_PROTOTYPES = YES;
				CLANG_WARN_SUSPICIOUS_MOVE = YES;
				CLANG_WARN_UNGUARDED_AVAILABILITY = YES_AGGRESSIVE;
				CLANG_WARN_UNREACHABLE_CODE = YES;
				CLANG_WARN__DUPLICATE_METHOD_MATCH = YES;
				CODE_SIGN_IDENTITY = "iPhone Developer";
				COPY_PHASE_STRIP = NO;
				DEBUG_INFORMATION_FORMAT = dwarf;
				ENABLE_STRICT_OBJC_MSGSEND = YES;
				ENABLE_TESTABILITY = YES;
				GCC_C_LANGUAGE_STANDARD = gnu11;
				GCC_DYNAMIC_NO_PIC = NO;
				GCC_NO_COMMON_BLOCKS = YES;
				GCC_OPTIMIZATION_LEVEL = 0;
				GCC_PREPROCESSOR_DEFINITIONS = (
					"DEBUG=1",
					"$(inherited)",
				);
				GCC_WARN_64_TO_32_BIT_CONVERSION = YES;
				GCC_WARN_ABOUT_RETURN_TYPE = YES_ERROR;
				GCC_WARN_UNDECLARED_SELECTOR = YES;
				GCC_WARN_UNINITIALIZED_AUTOS = YES_AGGRESSIVE;
				GCC_WARN_UNUSED_FUNCTION = YES;
				GCC_WARN_UNUSED_VARIABLE = YES;
				IPHONEOS_DEPLOYMENT_TARGET = 12.1;
				MTL_ENABLE_DEBUG_INFO = INCLUDE_SOURCE;
				MTL_FAST_MATH = YES;
				ONLY_ACTIVE_ARCH = YES;
				SDKROOT = iphoneos;
			};
			name = Debug;
		};
		1DDADA39225B6DA100652FE6 /* Release */ = {
			isa = XCBuildConfiguration;
			buildSettings = {
				ALWAYS_SEARCH_USER_PATHS = NO;
				CLANG_ANALYZER_NONNULL = YES;
				CLANG_ANALYZER_NUMBER_OBJECT_CONVERSION = YES_AGGRESSIVE;
				CLANG_CXX_LANGUAGE_STANDARD = "gnu++14";
				CLANG_CXX_LIBRARY = "libc++";
				CLANG_ENABLE_MODULES = YES;
				CLANG_ENABLE_OBJC_ARC = YES;
				CLANG_ENABLE_OBJC_WEAK = YES;
				CLANG_WARN_BLOCK_CAPTURE_AUTORELEASING = YES;
				CLANG_WARN_BOOL_CONVERSION = YES;
				CLANG_WARN_COMMA = YES;
				CLANG_WARN_CONSTANT_CONVERSION = YES;
				CLANG_WARN_DEPRECATED_OBJC_IMPLEMENTATIONS = YES;
				CLANG_WARN_DIRECT_OBJC_ISA_USAGE = YES_ERROR;
				CLANG_WARN_DOCUMENTATION_COMMENTS = YES;
				CLANG_WARN_EMPTY_BODY = YES;
				CLANG_WARN_ENUM_CONVERSION = YES;
				CLANG_WARN_INFINITE_RECURSION = YES;
				CLANG_WARN_INT_CONVERSION = YES;
				CLANG_WARN_NON_LITERAL_NULL_CONVERSION = YES;
				CLANG_WARN_OBJC_IMPLICIT_RETAIN_SELF = YES;
				CLANG_WARN_OBJC_LITERAL_CONVERSION = YES;
				CLANG_WARN_OBJC_ROOT_CLASS = YES_ERROR;
				CLANG_WARN_RANGE_LOOP_ANALYSIS = YES;
				CLANG_WARN_STRICT_PROTOTYPES = YES;
				CLANG_WARN_SUSPICIOUS_MOVE = YES;
				CLANG_WARN_UNGUARDED_AVAILABILITY = YES_AGGRESSIVE;
				CLANG_WARN_UNREACHABLE_CODE = YES;
				CLANG_WARN__DUPLICATE_METHOD_MATCH = YES;
				CODE_SIGN_IDENTITY = "iPhone Developer";
				COPY_PHASE_STRIP = NO;
				DEBUG_INFORMATION_FORMAT = "dwarf-with-dsym";
				ENABLE_NS_ASSERTIONS = NO;
				ENABLE_STRICT_OBJC_MSGSEND = YES;
				GCC_C_LANGUAGE_STANDARD = gnu11;
				GCC_NO_COMMON_BLOCKS = YES;
				GCC_WARN_64_TO_32_BIT_CONVERSION = YES;
				GCC_WARN_ABOUT_RETURN_TYPE = YES_ERROR;
				GCC_WARN_UNDECLARED_SELECTOR = YES;
				GCC_WARN_UNINITIALIZED_AUTOS = YES_AGGRESSIVE;
				GCC_WARN_UNUSED_FUNCTION = YES;
				GCC_WARN_UNUSED_VARIABLE = YES;
				IPHONEOS_DEPLOYMENT_TARGET = 12.1;
				MTL_ENABLE_DEBUG_INFO = NO;
				MTL_FAST_MATH = YES;
				SDKROOT = iphoneos;
				VALIDATE_PRODUCT = YES;
			};
			name = Release;
		};
		1DDADA3B225B6DA100652FE6 /* Debug */ = {
			isa = XCBuildConfiguration;
			baseConfigurationReference = 1329AD7DFD385D8D2047D783 /* Pods-JTForm.debug.xcconfig */;
			buildSettings = {
				ASSETCATALOG_COMPILER_APPICON_NAME = AppIcon;
				CODE_SIGN_STYLE = Automatic;
				DEVELOPMENT_TEAM = WX88XVVE62;
				INFOPLIST_FILE = JTForm/Info.plist;
				IPHONEOS_DEPLOYMENT_TARGET = 9.0;
				LD_RUNPATH_SEARCH_PATHS = (
					"$(inherited)",
					"@executable_path/Frameworks",
				);
				PRODUCT_BUNDLE_IDENTIFIER = com.dqh.JTForm;
				PRODUCT_NAME = "$(TARGET_NAME)";
				TARGETED_DEVICE_FAMILY = "1,2";
			};
			name = Debug;
		};
		1DDADA3C225B6DA100652FE6 /* Release */ = {
			isa = XCBuildConfiguration;
			baseConfigurationReference = 9278EFB922E4B0E8BAE9F998 /* Pods-JTForm.release.xcconfig */;
			buildSettings = {
				ASSETCATALOG_COMPILER_APPICON_NAME = AppIcon;
				CODE_SIGN_STYLE = Automatic;
				DEVELOPMENT_TEAM = WX88XVVE62;
				INFOPLIST_FILE = JTForm/Info.plist;
				IPHONEOS_DEPLOYMENT_TARGET = 9.0;
				LD_RUNPATH_SEARCH_PATHS = (
					"$(inherited)",
					"@executable_path/Frameworks",
				);
				PRODUCT_BUNDLE_IDENTIFIER = com.dqh.JTForm;
				PRODUCT_NAME = "$(TARGET_NAME)";
				TARGETED_DEVICE_FAMILY = "1,2";
			};
			name = Release;
		};
/* End XCBuildConfiguration section */

/* Begin XCConfigurationList section */
		1DDADA1F225B6DA000652FE6 /* Build configuration list for PBXProject "JTForm" */ = {
			isa = XCConfigurationList;
			buildConfigurations = (
				1DDADA38225B6DA100652FE6 /* Debug */,
				1DDADA39225B6DA100652FE6 /* Release */,
			);
			defaultConfigurationIsVisible = 0;
			defaultConfigurationName = Release;
		};
		1DDADA3A225B6DA100652FE6 /* Build configuration list for PBXNativeTarget "JTForm" */ = {
			isa = XCConfigurationList;
			buildConfigurations = (
				1DDADA3B225B6DA100652FE6 /* Debug */,
				1DDADA3C225B6DA100652FE6 /* Release */,
			);
			defaultConfigurationIsVisible = 0;
			defaultConfigurationName = Release;
		};
/* End XCConfigurationList section */
	};
	rootObject = 1DDADA1C225B6DA000652FE6 /* Project object */;
}
